
Microsoft Visual Studio Solution File, Format Version 12.00
# Visual Studio 2012
Project("{FAE04EC0-301F-11D3-BF4B-00C04F79EFBC}") = "WebsitePanel.Server.Mono.MonoDevelop", "WebsitePanel.Server.Mono\WebsitePanel.Server.Mono.MonoDevelop.csproj", "{8D943367-6ADD-4F2A-A700-D6DAA757D680}"
EndProject
Project("{FAE04EC0-301F-11D3-BF4B-00C04F79EFBC}") = "WebsitePanel.Providers.DNS.Bind", "WebsitePanel.Providers.DNS.Bind\WebsitePanel.Providers.DNS.Bind.csproj", "{3ACCBEAE-5E1E-43E5-971C-223539832DD8}"
EndProject
Project("{FAE04EC0-301F-11D3-BF4B-00C04F79EFBC}") = "WebsitePanel.Providers.Base", "WebsitePanel.Providers.Base\WebsitePanel.Providers.Base.csproj", "{684C932A-6C75-46AC-A327-F3689D89EB42}"
EndProject
Project("{FAE04EC0-301F-11D3-BF4B-00C04F79EFBC}") = "WebsitePanel.Server.Utils", "WebsitePanel.Server.Utils\WebsitePanel.Server.Utils.csproj", "{E91E52F3-9555-4D00-B577-2B1DBDD87CA7}"
EndProject
Project("{FAE04EC0-301F-11D3-BF4B-00C04F79EFBC}") = "WebsitePanel.Providers.Database.MySQL", "WebsitePanel.Providers.Database.MySQL\WebsitePanel.Providers.Database.MySQL.csproj", "{1C26EBB3-E92E-48A5-B1FB-3AED9D5B9D74}"
EndProject
Project("{FAE04EC0-301F-11D3-BF4B-00C04F79EFBC}") = "WebsitePanel.Providers.DNS.PowerDNS", "WebsitePanel.Providers.DNS.PowerDNS\WebsitePanel.Providers.DNS.PowerDNS.csproj", "{7D6D38E3-B445-480F-9CD5-BCDFB22D13BB}"
EndProject
Project("{FAE04EC0-301F-11D3-BF4B-00C04F79EFBC}") = "WebsitePanel.Providers.DNS.Nettica", "WebsitePanel.Providers.DNS.Nettica\WebsitePanel.Providers.DNS.Nettica.csproj", "{F04CE8DC-6DE1-411A-B912-73ED7EA662D1}"
EndProject
Project("{FAE04EC0-301F-11D3-BF4B-00C04F79EFBC}") = "WebsitePanel.Providers.FTP.ServU", "WebsitePanel.Providers.FTP.ServU\WebsitePanel.Providers.FTP.ServU.csproj", "{41FEC24A-67A2-4BF4-8889-1D5CD0A2B43D}"
EndProject
Project("{FAE04EC0-301F-11D3-BF4B-00C04F79EFBC}") = "WebsitePanel.Providers.Mail.IceWarp", "WebsitePanel.Providers.Mail.IceWarp\WebsitePanel.Providers.Mail.IceWarp.csproj", "{95EA2D6E-278C-4A74-97DB-946362C4DEEA}"
EndProject
Project("{F184B08F-C81C-45F6-A57F-5ABD9991F28F}") = "WebsitePanel.Providers.Mail.Merak", "WebsitePanel.Providers.Mail.Merak\WebsitePanel.Providers.Mail.Merak.vbproj", "{2FA82B71-B32A-47DE-A17B-40DE08D0256D}"
EndProject
Project("{F184B08F-C81C-45F6-A57F-5ABD9991F28F}") = "WebsitePanel.Providers.Mail.Merak10", "WebsitePanel.Providers.Mail.Merak10\WebsitePanel.Providers.Mail.Merak10.vbproj", "{7105A714-FF61-46B2-A16E-F4CBAD71BF02}"
EndProject
Project("{FAE04EC0-301F-11D3-BF4B-00C04F79EFBC}") = "WebsitePanel.Providers.Statistics.AWStats", "WebsitePanel.Providers.Statistics.AWStats\WebsitePanel.Providers.Statistics.AWStats.csproj", "{D6EEEE68-CE10-44C2-84FD-3E37E565BE9C}"
EndProject
Project("{FAE04EC0-301F-11D3-BF4B-00C04F79EFBC}") = "WebsitePanel.Providers.Statistics.SmarterStats", "WebsitePanel.Providers.Statistics.SmarterStats\WebsitePanel.Providers.Statistics.SmarterStats.csproj", "{D640BF9A-C738-4C02-A8D9-0441D5AAAD74}"
EndProject
Global
	GlobalSection(SolutionConfigurationPlatforms) = preSolution
		Debug|Any CPU = Debug|Any CPU
		Release|Any CPU = Release|Any CPU
	EndGlobalSection
	GlobalSection(ProjectConfigurationPlatforms) = postSolution
		{1C26EBB3-E92E-48A5-B1FB-3AED9D5B9D74}.Debug|Any CPU.ActiveCfg = Debug|Any CPU
		{1C26EBB3-E92E-48A5-B1FB-3AED9D5B9D74}.Debug|Any CPU.Build.0 = Debug|Any CPU
		{1C26EBB3-E92E-48A5-B1FB-3AED9D5B9D74}.Release|Any CPU.ActiveCfg = Release|Any CPU
		{1C26EBB3-E92E-48A5-B1FB-3AED9D5B9D74}.Release|Any CPU.Build.0 = Release|Any CPU
		{2FA82B71-B32A-47DE-A17B-40DE08D0256D}.Debug|Any CPU.ActiveCfg = Debug|Any CPU
		{2FA82B71-B32A-47DE-A17B-40DE08D0256D}.Debug|Any CPU.Build.0 = Debug|Any CPU
		{2FA82B71-B32A-47DE-A17B-40DE08D0256D}.Release|Any CPU.ActiveCfg = Release|Any CPU
		{2FA82B71-B32A-47DE-A17B-40DE08D0256D}.Release|Any CPU.Build.0 = Release|Any CPU
		{3ACCBEAE-5E1E-43E5-971C-223539832DD8}.Debug|Any CPU.ActiveCfg = Debug|Any CPU
		{3ACCBEAE-5E1E-43E5-971C-223539832DD8}.Debug|Any CPU.Build.0 = Debug|Any CPU
		{3ACCBEAE-5E1E-43E5-971C-223539832DD8}.Release|Any CPU.ActiveCfg = Release|Any CPU
		{3ACCBEAE-5E1E-43E5-971C-223539832DD8}.Release|Any CPU.Build.0 = Release|Any CPU
		{41FEC24A-67A2-4BF4-8889-1D5CD0A2B43D}.Debug|Any CPU.ActiveCfg = Debug|Any CPU
		{41FEC24A-67A2-4BF4-8889-1D5CD0A2B43D}.Debug|Any CPU.Build.0 = Debug|Any CPU
		{41FEC24A-67A2-4BF4-8889-1D5CD0A2B43D}.Release|Any CPU.ActiveCfg = Release|Any CPU
		{41FEC24A-67A2-4BF4-8889-1D5CD0A2B43D}.Release|Any CPU.Build.0 = Release|Any CPU
		{684C932A-6C75-46AC-A327-F3689D89EB42}.Debug|Any CPU.ActiveCfg = Debug|Any CPU
		{684C932A-6C75-46AC-A327-F3689D89EB42}.Debug|Any CPU.Build.0 = Debug|Any CPU
		{684C932A-6C75-46AC-A327-F3689D89EB42}.Release|Any CPU.ActiveCfg = Release|Any CPU
		{684C932A-6C75-46AC-A327-F3689D89EB42}.Release|Any CPU.Build.0 = Release|Any CPU
		{7105A714-FF61-46B2-A16E-F4CBAD71BF02}.Debug|Any CPU.ActiveCfg = Debug|Any CPU
		{7105A714-FF61-46B2-A16E-F4CBAD71BF02}.Debug|Any CPU.Build.0 = Debug|Any CPU
		{7105A714-FF61-46B2-A16E-F4CBAD71BF02}.Release|Any CPU.ActiveCfg = Release|Any CPU
		{7105A714-FF61-46B2-A16E-F4CBAD71BF02}.Release|Any CPU.Build.0 = Release|Any CPU
		{7D6D38E3-B445-480F-9CD5-BCDFB22D13BB}.Debug|Any CPU.ActiveCfg = Debug|Any CPU
		{7D6D38E3-B445-480F-9CD5-BCDFB22D13BB}.Debug|Any CPU.Build.0 = Debug|Any CPU
		{7D6D38E3-B445-480F-9CD5-BCDFB22D13BB}.Release|Any CPU.ActiveCfg = Release|Any CPU
		{7D6D38E3-B445-480F-9CD5-BCDFB22D13BB}.Release|Any CPU.Build.0 = Release|Any CPU
		{8D943367-6ADD-4F2A-A700-D6DAA757D680}.Debug|Any CPU.ActiveCfg = Debug|Any CPU
		{8D943367-6ADD-4F2A-A700-D6DAA757D680}.Debug|Any CPU.Build.0 = Debug|Any CPU
		{8D943367-6ADD-4F2A-A700-D6DAA757D680}.Release|Any CPU.ActiveCfg = Release|Any CPU
		{8D943367-6ADD-4F2A-A700-D6DAA757D680}.Release|Any CPU.Build.0 = Release|Any CPU
		{95EA2D6E-278C-4A74-97DB-946362C4DEEA}.Debug|Any CPU.ActiveCfg = Debug|Any CPU
		{95EA2D6E-278C-4A74-97DB-946362C4DEEA}.Debug|Any CPU.Build.0 = Debug|Any CPU
		{95EA2D6E-278C-4A74-97DB-946362C4DEEA}.Release|Any CPU.ActiveCfg = Release|Any CPU
		{95EA2D6E-278C-4A74-97DB-946362C4DEEA}.Release|Any CPU.Build.0 = Release|Any CPU
		{D640BF9A-C738-4C02-A8D9-0441D5AAAD74}.Debug|Any CPU.ActiveCfg = Debug|Any CPU
		{D640BF9A-C738-4C02-A8D9-0441D5AAAD74}.Debug|Any CPU.Build.0 = Debug|Any CPU
		{D640BF9A-C738-4C02-A8D9-0441D5AAAD74}.Release|Any CPU.ActiveCfg = Release|Any CPU
		{D640BF9A-C738-4C02-A8D9-0441D5AAAD74}.Release|Any CPU.Build.0 = Release|Any CPU
		{D6EEEE68-CE10-44C2-84FD-3E37E565BE9C}.Debug|Any CPU.ActiveCfg = Debug|Any CPU
		{D6EEEE68-CE10-44C2-84FD-3E37E565BE9C}.Debug|Any CPU.Build.0 = Debug|Any CPU
		{D6EEEE68-CE10-44C2-84FD-3E37E565BE9C}.Release|Any CPU.ActiveCfg = Release|Any CPU
		{D6EEEE68-CE10-44C2-84FD-3E37E565BE9C}.Release|Any CPU.Build.0 = Release|Any CPU
		{E91E52F3-9555-4D00-B577-2B1DBDD87CA7}.Debug|Any CPU.ActiveCfg = Debug|Any CPU
		{E91E52F3-9555-4D00-B577-2B1DBDD87CA7}.Debug|Any CPU.Build.0 = Debug|Any CPU
		{E91E52F3-9555-4D00-B577-2B1DBDD87CA7}.Release|Any CPU.ActiveCfg = Release|Any CPU
		{E91E52F3-9555-4D00-B577-2B1DBDD87CA7}.Release|Any CPU.Build.0 = Release|Any CPU
		{F04CE8DC-6DE1-411A-B912-73ED7EA662D1}.Debug|Any CPU.ActiveCfg = Debug|Any CPU
		{F04CE8DC-6DE1-411A-B912-73ED7EA662D1}.Debug|Any CPU.Build.0 = Debug|Any CPU
		{F04CE8DC-6DE1-411A-B912-73ED7EA662D1}.Release|Any CPU.ActiveCfg = Release|Any CPU
		{F04CE8DC-6DE1-411A-B912-73ED7EA662D1}.Release|Any CPU.Build.0 = Release|Any CPU
	EndGlobalSection
	GlobalSection(MonoDevelopProperties) = preSolution
		Policies = $0
		$0.DotNetNamingPolicy = $1
		$1.DirectoryNamespaceAssociation = None
		$1.ResourceNamePolicy = FileFormatDefault
		$0.TextStylePolicy = $2
		$2.inheritsSet = null
		$2.scope = application/x-asmx
		$0.TextStylePolicy = $3
		$3.FileWidth = 120
		$3.TabsToSpaces = False
		$3.inheritsSet = VisualStudio
		$3.inheritsScope = text/plain
		$3.scope = text/plain
		$0.TextStylePolicy = $4
		$4.inheritsSet = null
		$4.scope = application/x-aspx
		$0.TextStylePolicy = $5
		$5.inheritsSet = null
		$5.scope = application/x-asax
		$0.TextStylePolicy = $6
		$6.inheritsSet = null
		$6.scope = application/config+xml
		$0.XmlFormattingPolicy = $7
		$7.inheritsSet = null
		$7.scope = application/config+xml
		$0.TextStylePolicy = $8
		$8.inheritsSet = null
		$8.scope = application/xml
		$0.XmlFormattingPolicy = $9
		$9.inheritsSet = Mono
		$9.inheritsScope = application/xml
		$9.scope = application/xml
		$0.TextStylePolicy = $10
		$10.inheritsSet = null
		$10.scope = text/x-csharp
		$0.CSharpFormattingPolicy = $11
		$11.NamespaceBraceStyle = EndOfLine
		$11.ClassBraceStyle = EndOfLine
		$11.InterfaceBraceStyle = EndOfLine
		$11.StructBraceStyle = EndOfLine
		$11.EnumBraceStyle = EndOfLine
		$11.MethodBraceStyle = EndOfLine
		$11.ConstructorBraceStyle = EndOfLine
		$11.DestructorBraceStyle = EndOfLine
		$11.EmbeddedStatementPlacement = SameLine
		$11.BeforeMethodDeclarationParentheses = False
		$11.BeforeMethodCallParentheses = False
		$11.BeforeConstructorDeclarationParentheses = False
		$11.NewLineBeforeConstructorInitializerColon = SameLine
		$11.NewLineAfterConstructorInitializerColon = SameLine
		$11.BeforeIndexerDeclarationBracket = False
		$11.BeforeDelegateDeclarationParentheses = False
		$11.AfterDelegateDeclarationParameterComma = True
		$11.NewParentheses = False
		$11.AroundBitwiseOperatorParentheses = False
		$11.AroundAdditiveOperatorParentheses = False
		$11.AroundMultiplicativeOperatorParentheses = False
		$11.AroundShiftOperatorParentheses = False
		$11.SpacesBeforeBrackets = False
		$11.NewLineAferMethodCallOpenParentheses = SameLine
		$11.MethodCallClosingParenthesesOnNewLine = SameLine
		$11.NewLineAferMethodDeclarationOpenParentheses = SameLine
		$11.MethodDeclarationClosingParenthesesOnNewLine = SameLine
		$11.AlignToFirstMethodDeclarationParameter = False
		$11.NewLineAferIndexerDeclarationOpenBracket = SameLine
		$11.IndexerDeclarationClosingBracketOnNewLine = SameLine
		$11.AlignToFirstIndexerDeclarationParameter = False
		$11.NewLineAferIndexerOpenBracket = SameLine
		$11.IndexerClosingBracketOnNewLine = SameLine
		$11.inheritsSet = Mono
		$11.inheritsScope = text/x-csharp
		$11.scope = text/x-csharp
		$0.StandardHeader = $12
		$12.Text = 
		$12.IncludeInNewFiles = True
		$0.NameConventionPolicy = $13
		$13.Rules = $14
		$14.NamingRule = $15
		$15.Name = Namespaces
		$15.AffectedEntity = Namespace
		$15.VisibilityMask = VisibilityMask
		$15.NamingStyle = PascalCase
		$15.IncludeInstanceMembers = True
		$15.IncludeStaticEntities = True
		$14.NamingRule = $16
		$16.Name = Types
		$16.AffectedEntity = Class, Struct, Enum, Delegate
		$16.VisibilityMask = Public
		$16.NamingStyle = PascalCase
		$16.IncludeInstanceMembers = True
		$16.IncludeStaticEntities = True
		$14.NamingRule = $17
		$17.Name = Interfaces
		$17.RequiredPrefixes = $18
		$18.String = I
		$17.AffectedEntity = Interface
		$17.VisibilityMask = Public
		$17.NamingStyle = PascalCase
		$17.IncludeInstanceMembers = True
		$17.IncludeStaticEntities = True
		$14.NamingRule = $19
		$19.Name = Attributes
		$19.RequiredSuffixes = $20
		$20.String = Attribute
		$19.AffectedEntity = CustomAttributes
		$19.VisibilityMask = Public
		$19.NamingStyle = PascalCase
		$19.IncludeInstanceMembers = True
		$19.IncludeStaticEntities = True
		$14.NamingRule = $21
		$21.Name = Event Arguments
		$21.RequiredSuffixes = $22
		$22.String = EventArgs
		$21.AffectedEntity = CustomEventArgs
		$21.VisibilityMask = Public
		$21.NamingStyle = PascalCase
		$21.IncludeInstanceMembers = True
		$21.IncludeStaticEntities = True
		$14.NamingRule = $23
		$23.Name = Exceptions
		$23.RequiredSuffixes = $24
		$24.String = Exception
		$23.AffectedEntity = CustomExceptions
		$23.VisibilityMask = VisibilityMask
		$23.NamingStyle = PascalCase
		$23.IncludeInstanceMembers = True
		$23.IncludeStaticEntities = True
		$14.NamingRule = $25
		$25.Name = Methods
		$25.AffectedEntity = Methods
		$25.VisibilityMask = Protected, Public
		$25.NamingStyle = PascalCase
		$25.IncludeInstanceMembers = True
		$25.IncludeStaticEntities = True
		$14.NamingRule = $26
		$26.Name = Static Readonly Fields
		$26.AffectedEntity = ReadonlyField
		$26.VisibilityMask = Protected, Public
		$26.NamingStyle = PascalCase
		$26.IncludeInstanceMembers = False
		$26.IncludeStaticEntities = True
		$14.NamingRule = $27
		$27.Name = Fields
		$27.AffectedEntity = Field
		$27.VisibilityMask = Protected, Public
		$27.NamingStyle = PascalCase
		$27.IncludeInstanceMembers = True
		$27.IncludeStaticEntities = True
		$14.NamingRule = $28
		$28.Name = ReadOnly Fields
		$28.AffectedEntity = ReadonlyField
		$28.VisibilityMask = Protected, Public
		$28.NamingStyle = PascalCase
		$28.IncludeInstanceMembers = True
		$28.IncludeStaticEntities = False
		$14.NamingRule = $29
		$29.Name = Constant Fields
		$29.AffectedEntity = ConstantField
		$29.VisibilityMask = Protected, Public
		$29.NamingStyle = PascalCase
		$29.IncludeInstanceMembers = True
		$29.IncludeStaticEntities = True
		$14.NamingRule = $30
		$30.Name = Properties
		$30.AffectedEntity = Property
		$30.VisibilityMask = Protected, Public
		$30.NamingStyle = PascalCase
		$30.IncludeInstanceMembers = True
		$30.IncludeStaticEntities = True
		$14.NamingRule = $31
		$31.Name = Events
		$31.AffectedEntity = Event
		$31.VisibilityMask = Protected, Public
		$31.NamingStyle = PascalCase
		$31.IncludeInstanceMembers = True
		$31.IncludeStaticEntities = True
		$14.NamingRule = $32
		$32.Name = Enum Members
		$32.AffectedEntity = EnumMember
		$32.VisibilityMask = VisibilityMask
		$32.NamingStyle = PascalCase
		$32.IncludeInstanceMembers = True
		$32.IncludeStaticEntities = True
		$14.NamingRule = $33
		$33.Name = Parameters
		$33.AffectedEntity = Parameter
		$33.VisibilityMask = VisibilityMask
		$33.NamingStyle = CamelCase
		$33.IncludeInstanceMembers = True
		$33.IncludeStaticEntities = True
		$14.NamingRule = $34
		$34.Name = Type Parameters
		$34.RequiredPrefixes = $35
		$35.String = T
		$34.AffectedEntity = TypeParameter
		$34.VisibilityMask = VisibilityMask
		$34.NamingStyle = PascalCase
		$34.IncludeInstanceMembers = True
		$34.IncludeStaticEntities = True
	EndGlobalSection
EndGlobal
